
Microsoft Visual Studio Solution File, Format Version 12.00
# Visual Studio Version 18
VisualStudioVersion = 18.4.11605.240
MinimumVisualStudioVersion = 10.0.40219.1
Project("{2150E333-8FDC-42A3-9474-1A3956D46DE8}") = "src", "src", "{7C0B58A5-C235-4175-AE08-13BAFE1360AF}"
EndProject
Project("{9A19103F-16F7-4668-BE54-9A1E7A4F7556}") = "VirtoCommerce.SalesRep.Web", "src\VirtoCommerce.SalesRep.Web\VirtoCommerce.SalesRep.Web.csproj", "{67CEB67D-BCBC-4E70-8F87-61DCFA5251D8}"
EndProject
Project("{9A19103F-16F7-4668-BE54-9A1E7A4F7556}") = "VirtoCommerce.SalesRep.Data", "src\VirtoCommerce.SalesRep.Data\VirtoCommerce.SalesRep.Data.csproj", "{B9B817C3-781F-43F7-A1DF-9B6466C60F5D}"
EndProject
Project("{9A19103F-16F7-4668-BE54-9A1E7A4F7556}") = "VirtoCommerce.SalesRep.Core", "src\VirtoCommerce.SalesRep.Core\VirtoCommerce.SalesRep.Core.csproj", "{3DCC0C44-C6B0-4338-8F4E-46EA8166C0A8}"
EndProject
Project("{9A19103F-16F7-4668-BE54-9A1E7A4F7556}") = "VirtoCommerce.SalesRep.ExperienceApi", "src\VirtoCommerce.SalesRep.ExperienceApi\VirtoCommerce.SalesRep.ExperienceApi.csproj", "{5AD93C0C-A3D1-4DC1-83EA-FB99E49C6E18}"
EndProject
Project("{2150E333-8FDC-42A3-9474-1A3956D46DE8}") = "tests", "tests", "{75C68BE4-CFD0-472D-BDFC-4B246941D87C}"
EndProject
Project("{9A19103F-16F7-4668-BE54-9A1E7A4F7556}") = "VirtoCommerce.SalesRep.Tests", "tests\VirtoCommerce.SalesRep.Tests\VirtoCommerce.SalesRep.Tests.csproj", "{8DD4A639-396B-4799-9814-6CD6029A2843}"
EndProject
Project("{2150E333-8FDC-42A3-9474-1A3956D46DE8}") = "Solution Items", "Solution Items", "{4284506B-18D1-4BBF-A02E-9AB4774C24DF}"
	ProjectSection(SolutionItems) = preProject
		.editorconfig = .editorconfig
		.gitignore = .gitignore
		Directory.Build.props = Directory.Build.props
		LICENSE = LICENSE
		module.ignore = module.ignore
		README.md = README.md
		VirtoCommerce.SalesRep.sln.DotSettings = VirtoCommerce.SalesRep.sln.DotSettings
	EndProjectSection
EndProject
Global
	GlobalSection(SolutionConfigurationPlatforms) = preSolution
		Debug|Any CPU = Debug|Any CPU
		Release|Any CPU = Release|Any CPU
	EndGlobalSection
	GlobalSection(ProjectConfigurationPlatforms) = postSolution
		{67CEB67D-BCBC-4E70-8F87-61DCFA5251D8}.Debug|Any CPU.ActiveCfg = Debug|Any CPU
		{67CEB67D-BCBC-4E70-8F87-61DCFA5251D8}.Debug|Any CPU.Build.0 = Debug|Any CPU
		{67CEB67D-BCBC-4E70-8F87-61DCFA5251D8}.Release|Any CPU.ActiveCfg = Release|Any CPU
		{67CEB67D-BCBC-4E70-8F87-61DCFA5251D8}.Release|Any CPU.Build.0 = Release|Any CPU
		{B9B817C3-781F-43F7-A1DF-9B6466C60F5D}.Debug|Any CPU.ActiveCfg = Debug|Any CPU
		{B9B817C3-781F-43F7-A1DF-9B6466C60F5D}.Debug|Any CPU.Build.0 = Debug|Any CPU
		{B9B817C3-781F-43F7-A1DF-9B6466C60F5D}.Release|Any CPU.ActiveCfg = Release|Any CPU
		{B9B817C3-781F-43F7-A1DF-9B6466C60F5D}.Release|Any CPU.Build.0 = Release|Any CPU
		{3DCC0C44-C6B0-4338-8F4E-46EA8166C0A8}.Debug|Any CPU.ActiveCfg = Debug|Any CPU
		{3DCC0C44-C6B0-4338-8F4E-46EA8166C0A8}.Debug|Any CPU.Build.0 = Debug|Any CPU
		{3DCC0C44-C6B0-4338-8F4E-46EA8166C0A8}.Release|Any CPU.ActiveCfg = Release|Any CPU
		{3DCC0C44-C6B0-4338-8F4E-46EA8166C0A8}.Release|Any CPU.Build.0 = Release|Any CPU
		{5AD93C0C-A3D1-4DC1-83EA-FB99E49C6E18}.Debug|Any CPU.ActiveCfg = Debug|Any CPU
		{5AD93C0C-A3D1-4DC1-83EA-FB99E49C6E18}.Debug|Any CPU.Build.0 = Debug|Any CPU
		{5AD93C0C-A3D1-4DC1-83EA-FB99E49C6E18}.Release|Any CPU.ActiveCfg = Release|Any CPU
		{5AD93C0C-A3D1-4DC1-83EA-FB99E49C6E18}.Release|Any CPU.Build.0 = Release|Any CPU
		{8DD4A639-396B-4799-9814-6CD6029A2843}.Debug|Any CPU.ActiveCfg = Debug|Any CPU
		{8DD4A639-396B-4799-9814-6CD6029A2843}.Debug|Any CPU.Build.0 = Debug|Any CPU
		{8DD4A639-396B-4799-9814-6CD6029A2843}.Release|Any CPU.ActiveCfg = Release|Any CPU
		{8DD4A639-396B-4799-9814-6CD6029A2843}.Release|Any CPU.Build.0 = Release|Any CPU
	EndGlobalSection
	GlobalSection(SolutionProperties) = preSolution
		HideSolutionNode = FALSE
	EndGlobalSection
	GlobalSection(NestedProjects) = preSolution
		{67CEB67D-BCBC-4E70-8F87-61DCFA5251D8} = {7C0B58A5-C235-4175-AE08-13BAFE1360AF}
		{B9B817C3-781F-43F7-A1DF-9B6466C60F5D} = {7C0B58A5-C235-4175-AE08-13BAFE1360AF}
		{3DCC0C44-C6B0-4338-8F4E-46EA8166C0A8} = {7C0B58A5-C235-4175-AE08-13BAFE1360AF}
		{5AD93C0C-A3D1-4DC1-83EA-FB99E49C6E18} = {7C0B58A5-C235-4175-AE08-13BAFE1360AF}
		{8DD4A639-396B-4799-9814-6CD6029A2843} = {75C68BE4-CFD0-472D-BDFC-4B246941D87C}
	EndGlobalSection
	GlobalSection(ExtensibilityGlobals) = postSolution
		SolutionGuid = {74AFACE3-96B2-40EF-AC00-16FFC7406079}
	EndGlobalSection
EndGlobal
